
Microsoft Visual Studio Solution File, Format Version 12.00
# Visual Studio Version 17
VisualStudioVersion = 17.2.32616.157
MinimumVisualStudioVersion = 10.0.40219.1
Project("{FAE04EC0-301F-11D3-BF4B-00C04F79EFBC}") = "Hotel Management System of Mariana Trench", "Hotel Management System of Mariana Trench.csproj", "{3D5E2A4B-C310-4ABD-9877-34E7C58D2E7F}"
EndProject
Global
	GlobalSection(SolutionConfigurationPlatforms) = preSolution
		Debug|Any CPU = Debug|Any CPU
		Release|Any CPU = Release|Any CPU
	EndGlobalSection
	GlobalSection(ProjectConfigurationPlatforms) = postSolution
		{3D5E2A4B-C310-4ABD-9877-34E7C58D2E7F}.Debug|Any CPU.ActiveCfg = Debug|Any CPU
		{3D5E2A4B-C310-4ABD-9877-34E7C58D2E7F}.Debug|Any CPU.Build.0 = Debug|Any CPU
		{3D5E2A4B-C310-4ABD-9877-34E7C58D2E7F}.Release|Any CPU.ActiveCfg = Release|Any CPU
		{3D5E2A4B-C310-4ABD-9877-34E7C58D2E7F}.Release|Any CPU.Build.0 = Release|Any CPU
	EndGlobalSection
	GlobalSection(SolutionProperties) = preSolution
		HideSolutionNode = FALSE
	EndGlobalSection
	GlobalSection(ExtensibilityGlobals) = postSolution
		SolutionGuid = {579423A7-18A7-4A1C-9792-9E27DD1A2F22}
	EndGlobalSection
EndGlobal
